# This file was autogenerated by Stack.
# You should not edit this file by hand.
# For more information, please see the documentation at:
#   https://docs.haskellstack.org/en/stable/lock_files

packages: []
snapshots:
- completed:
    size: 530141
    url: https://raw.githubusercontent.com/commercialhaskell/stackage-snapshots/master/nightly/2020/5/23.yaml
    sha256: eab58cec31680eb1755822b53118b37536494c174c4a43b2d4e82f5e3563832b
  original: nightly-2020-05-23
